{
  "name": "test",
  "version": "1.0.0",
  "lockfileVersion": 1,
  "requires": true,
  "dependencies": {
    "js-knife": {
      "version": "1.1.10",
      "resolved": "https://registry.npmjs.org/js-knife/-/js-knife-1.1.10.tgz",
      "integrity": "sha512-NRkjxZbTY5wATeSGSNOvfTysEepG3lkbzLXYbxaiYS51XLzXdqpebnijSBeiTmc83x4GGybTVbG/+O/fS2p9qg=="
    },
    "xyt": {
      "version": "1.0.1",
      "resolved": "https://registry.npmjs.org/xyt/-/xyt-1.0.1.tgz",
      "integrity": "sha512-YvqExo5Bwecl8ZIj/2Q8zI+Viu/LcKxNmZfbGDxsPWNbq1Hz4hDaZQXQKNdpr9xMG9/BisZBdH2c2A2AD3D8qg==",
      "requires": {
        "js-knife": "^1.1.10"
      }
    }
  }
}
