{
  "name": "fusjs",
  "version": "1.0.0",
  "lockfileVersion": 1,
  "requires": true,
  "dependencies": {
    "js-knife": {
      "version": "1.1.10",
      "resolved": "https://registry.npmjs.org/js-knife/-/js-knife-1.1.10.tgz",
      "integrity": "sha512-NRkjxZbTY5wATeSGSNOvfTysEepG3lkbzLXYbxaiYS51XLzXdqpebnijSBeiTmc83x4GGybTVbG/+O/fS2p9qg=="
    }
  }
}
